
Microsoft Visual Studio Solution File, Format Version 12.00
# Visual Studio 14
VisualStudioVersion = 14.0.25420.1
MinimumVisualStudioVersion = 10.0.40219.1
Project("{8BC9CEB8-8B4A-11D0-8D11-00A0C91BC942}") = "rgm", "rgm\rgm.vcxproj", "{3B1BA49D-8A5B-45F1-BB49-ADDD75C4F466}"
EndProject
Project("{8BC9CEB8-8B4A-11D0-8D11-00A0C91BC942}") = "rgm-test", "rgm-test\rgm-test.vcxproj", "{04B57158-2F2F-4465-BE58-02E11C89B681}"
	ProjectSection(ProjectDependencies) = postProject
		{3B1BA49D-8A5B-45F1-BB49-ADDD75C4F466} = {3B1BA49D-8A5B-45F1-BB49-ADDD75C4F466}
	EndProjectSection
EndProject
Project("{2150E333-8FDC-42A3-9474-1A3956D46DE8}") = "Solution Items", "Solution Items", "{48F94D34-15C9-4B70-8BC4-0CB7E2AFE3D9}"
	ProjectSection(SolutionItems) = preProject
		README.md = README.md
	EndProjectSection
EndProject
Global
	GlobalSection(SolutionConfigurationPlatforms) = preSolution
		Debug|x64 = Debug|x64
		Debug|x86 = Debug|x86
		Release|x64 = Release|x64
		Release|x86 = Release|x86
	EndGlobalSection
	GlobalSection(ProjectConfigurationPlatforms) = postSolution
		{3B1BA49D-8A5B-45F1-BB49-ADDD75C4F466}.Debug|x64.ActiveCfg = Debug|x64
		{3B1BA49D-8A5B-45F1-BB49-ADDD75C4F466}.Debug|x64.Build.0 = Debug|x64
		{3B1BA49D-8A5B-45F1-BB49-ADDD75C4F466}.Debug|x86.ActiveCfg = Debug|Win32
		{3B1BA49D-8A5B-45F1-BB49-ADDD75C4F466}.Debug|x86.Build.0 = Debug|Win32
		{3B1BA49D-8A5B-45F1-BB49-ADDD75C4F466}.Release|x64.ActiveCfg = Release|x64
		{3B1BA49D-8A5B-45F1-BB49-ADDD75C4F466}.Release|x64.Build.0 = Release|x64
		{3B1BA49D-8A5B-45F1-BB49-ADDD75C4F466}.Release|x86.ActiveCfg = Release|Win32
		{3B1BA49D-8A5B-45F1-BB49-ADDD75C4F466}.Release|x86.Build.0 = Release|Win32
		{04B57158-2F2F-4465-BE58-02E11C89B681}.Debug|x64.ActiveCfg = Debug|x64
		{04B57158-2F2F-4465-BE58-02E11C89B681}.Debug|x64.Build.0 = Debug|x64
		{04B57158-2F2F-4465-BE58-02E11C89B681}.Debug|x86.ActiveCfg = Debug|Win32
		{04B57158-2F2F-4465-BE58-02E11C89B681}.Debug|x86.Build.0 = Debug|Win32
		{04B57158-2F2F-4465-BE58-02E11C89B681}.Release|x64.ActiveCfg = Release|x64
		{04B57158-2F2F-4465-BE58-02E11C89B681}.Release|x64.Build.0 = Release|x64
		{04B57158-2F2F-4465-BE58-02E11C89B681}.Release|x86.ActiveCfg = Release|Win32
		{04B57158-2F2F-4465-BE58-02E11C89B681}.Release|x86.Build.0 = Release|Win32
	EndGlobalSection
	GlobalSection(SolutionProperties) = preSolution
		HideSolutionNode = FALSE
	EndGlobalSection
EndGlobal
